
Microsoft Visual Studio Solution File, Format Version 12.00
# Visual Studio Version 17
VisualStudioVersion = 17.0.31903.59
MinimumVisualStudioVersion = 10.0.40219.1
Project("{FAE04EC0-301F-11D3-BF4B-00C04F79EFBC}") = "test", "test\test.csproj", "{CEDFE475-71AA-4215-A9F1-F2322C253F82}"
EndProject
Project("{FAE04EC0-301F-11D3-BF4B-00C04F79EFBC}") = "Lab2_css", "Lab2_css\Lab2_css.csproj", "{8E81208D-7147-4081-9D4C-2C9892A78428}"
EndProject
Global
	GlobalSection(SolutionConfigurationPlatforms) = preSolution
		Debug|Any CPU = Debug|Any CPU
		Release|Any CPU = Release|Any CPU
	EndGlobalSection
	GlobalSection(SolutionProperties) = preSolution
		HideSolutionNode = FALSE
	EndGlobalSection
	GlobalSection(ProjectConfigurationPlatforms) = postSolution
		{CEDFE475-71AA-4215-A9F1-F2322C253F82}.Debug|Any CPU.ActiveCfg = Debug|Any CPU
		{CEDFE475-71AA-4215-A9F1-F2322C253F82}.Debug|Any CPU.Build.0 = Debug|Any CPU
		{CEDFE475-71AA-4215-A9F1-F2322C253F82}.Release|Any CPU.ActiveCfg = Release|Any CPU
		{CEDFE475-71AA-4215-A9F1-F2322C253F82}.Release|Any CPU.Build.0 = Release|Any CPU
		{8E81208D-7147-4081-9D4C-2C9892A78428}.Debug|Any CPU.ActiveCfg = Debug|Any CPU
		{8E81208D-7147-4081-9D4C-2C9892A78428}.Debug|Any CPU.Build.0 = Debug|Any CPU
		{8E81208D-7147-4081-9D4C-2C9892A78428}.Release|Any CPU.ActiveCfg = Release|Any CPU
		{8E81208D-7147-4081-9D4C-2C9892A78428}.Release|Any CPU.Build.0 = Release|Any CPU
	EndGlobalSection
EndGlobal
