
Microsoft Visual Studio Solution File, Format Version 12.00
# Visual Studio Version 17
VisualStudioVersion = 17.12.35707.178 d17.12
MinimumVisualStudioVersion = 10.0.40219.1
Project("{2150E333-8FDC-42A3-9474-1A3956D46DE8}") = "Lab1", "Lab1", "{41D3B44F-0C43-49C2-AA15-AFB3780BAB32}"
EndProject
Project("{2150E333-8FDC-42A3-9474-1A3956D46DE8}") = "CS", "CS", "{8C67738F-2ECD-46EC-828B-D0857A2CC87A}"
EndProject
Project("{2150E333-8FDC-42A3-9474-1A3956D46DE8}") = "CPP", "CPP", "{248507C9-A437-44C8-B031-597291A01803}"
EndProject
Project("{8BC9CEB8-8B4A-11D0-8D11-00A0C91BC942}") = "Lab1_cpp", "..\Lab1_cpp\Lab1_cpp.vcxproj", "{A2A08BA3-A237-4DF0-A441-BB0F1A311013}"
EndProject
Project("{FAE04EC0-301F-11D3-BF4B-00C04F79EFBC}") = "Lab1_cs", "..\Lab1_cs\Lab1_cs.csproj", "{5D078AC4-9542-48D7-AE12-A691E8E312B6}"
EndProject
Global
	GlobalSection(SolutionConfigurationPlatforms) = preSolution
		Debug|Any CPU = Debug|Any CPU
		Debug|x64 = Debug|x64
		Debug|x86 = Debug|x86
		Release|Any CPU = Release|Any CPU
		Release|x64 = Release|x64
		Release|x86 = Release|x86
	EndGlobalSection
	GlobalSection(ProjectConfigurationPlatforms) = postSolution
		{A2A08BA3-A237-4DF0-A441-BB0F1A311013}.Debug|Any CPU.ActiveCfg = Debug|x64
		{A2A08BA3-A237-4DF0-A441-BB0F1A311013}.Debug|Any CPU.Build.0 = Debug|x64
		{A2A08BA3-A237-4DF0-A441-BB0F1A311013}.Debug|x64.ActiveCfg = Debug|x64
		{A2A08BA3-A237-4DF0-A441-BB0F1A311013}.Debug|x64.Build.0 = Debug|x64
		{A2A08BA3-A237-4DF0-A441-BB0F1A311013}.Debug|x86.ActiveCfg = Debug|Win32
		{A2A08BA3-A237-4DF0-A441-BB0F1A311013}.Debug|x86.Build.0 = Debug|Win32
		{A2A08BA3-A237-4DF0-A441-BB0F1A311013}.Release|Any CPU.ActiveCfg = Release|x64
		{A2A08BA3-A237-4DF0-A441-BB0F1A311013}.Release|Any CPU.Build.0 = Release|x64
		{A2A08BA3-A237-4DF0-A441-BB0F1A311013}.Release|x64.ActiveCfg = Release|x64
		{A2A08BA3-A237-4DF0-A441-BB0F1A311013}.Release|x64.Build.0 = Release|x64
		{A2A08BA3-A237-4DF0-A441-BB0F1A311013}.Release|x86.ActiveCfg = Release|Win32
		{A2A08BA3-A237-4DF0-A441-BB0F1A311013}.Release|x86.Build.0 = Release|Win32
		{5D078AC4-9542-48D7-AE12-A691E8E312B6}.Debug|Any CPU.ActiveCfg = Debug|Any CPU
		{5D078AC4-9542-48D7-AE12-A691E8E312B6}.Debug|Any CPU.Build.0 = Debug|Any CPU
		{5D078AC4-9542-48D7-AE12-A691E8E312B6}.Debug|x64.ActiveCfg = Debug|Any CPU
		{5D078AC4-9542-48D7-AE12-A691E8E312B6}.Debug|x64.Build.0 = Debug|Any CPU
		{5D078AC4-9542-48D7-AE12-A691E8E312B6}.Debug|x86.ActiveCfg = Debug|Any CPU
		{5D078AC4-9542-48D7-AE12-A691E8E312B6}.Debug|x86.Build.0 = Debug|Any CPU
		{5D078AC4-9542-48D7-AE12-A691E8E312B6}.Release|Any CPU.ActiveCfg = Release|Any CPU
		{5D078AC4-9542-48D7-AE12-A691E8E312B6}.Release|Any CPU.Build.0 = Release|Any CPU
		{5D078AC4-9542-48D7-AE12-A691E8E312B6}.Release|x64.ActiveCfg = Release|Any CPU
		{5D078AC4-9542-48D7-AE12-A691E8E312B6}.Release|x64.Build.0 = Release|Any CPU
		{5D078AC4-9542-48D7-AE12-A691E8E312B6}.Release|x86.ActiveCfg = Release|Any CPU
		{5D078AC4-9542-48D7-AE12-A691E8E312B6}.Release|x86.Build.0 = Release|Any CPU
	EndGlobalSection
	GlobalSection(SolutionProperties) = preSolution
		HideSolutionNode = FALSE
	EndGlobalSection
	GlobalSection(NestedProjects) = preSolution
		{8C67738F-2ECD-46EC-828B-D0857A2CC87A} = {41D3B44F-0C43-49C2-AA15-AFB3780BAB32}
		{248507C9-A437-44C8-B031-597291A01803} = {41D3B44F-0C43-49C2-AA15-AFB3780BAB32}
		{A2A08BA3-A237-4DF0-A441-BB0F1A311013} = {248507C9-A437-44C8-B031-597291A01803}
		{5D078AC4-9542-48D7-AE12-A691E8E312B6} = {8C67738F-2ECD-46EC-828B-D0857A2CC87A}
	EndGlobalSection
EndGlobal
